{
  "name": "amplify",
  "lockfileVersion": 3,
  "requires": true,
  "packages": {
    "": {
      "devDependencies": {
        "@types/react-native-dotenv": "^0.2.2"
      }
    },
    "node_modules/@types/react-native-dotenv": {
      "version": "0.2.2",
      "resolved": "https://registry.npmjs.org/@types/react-native-dotenv/-/react-native-dotenv-0.2.2.tgz",
      "integrity": "sha512-YDgO2hdTK5PaxZrIFtVXrjeFOhJ+7A9a8VDUK4QmHCPGIB5i6DroLG9IpItX5qCshz7aPsQfgy9X3w82Otd4HA==",
      "dev": true,
      "license": "MIT"
    }
  }
}
